{
  "requires": true,
  "lockfileVersion": 1,
  "dependencies": {
    "@angular/forms": {
      "version": "10.1.2",
      "resolved": "https://registry.npmjs.org/@angular/forms/-/forms-10.1.2.tgz",
      "integrity": "sha512-BzzhKabLdI7JZAGz6oa+7ITEpVGhR+Tu0nhRsgyjZijz02vWAMexr1xXILLgCNMiMG509WDFvIbTwsd6lIFsXA==",
      "requires": {
        "tslib": "^2.0.0"
      }
    },
    "tslib": {
      "version": "2.0.1",
      "resolved": "https://registry.npmjs.org/tslib/-/tslib-2.0.1.tgz",
      "integrity": "sha512-SgIkNheinmEBgx1IUNirK0TUD4X9yjjBRTqqjggWCU3pUEqIk3/Uwl3yRixYKT6WjQuGiwDv4NomL3wqRCj+CQ=="
    }
  }
}
